// !$*UTF8*$!
{
	archiveVersion = 1;
	classes = {
	};
	objectVersion = 56;
	objects = {

/* Begin PBXBuildFile section */
		DEF1135929A46AEB000B0C4D /* AppDelegate.swift in Sources */ = {isa = PBXBuildFile; fileRef = DEF1135829A46AEB000B0C4D /* AppDelegate.swift */; };
		DEF1135B29A46AEB000B0C4D /* SceneDelegate.swift in Sources */ = {isa = PBXBuildFile; fileRef = DEF1135A29A46AEB000B0C4D /* SceneDelegate.swift */; };
		DEF1135D29A46AEB000B0C4D /* ViewController.swift in Sources */ = {isa = PBXBuildFile; fileRef = DEF1135C29A46AEB000B0C4D /* ViewController.swift */; };
		DEF1136029A46AEB000B0C4D /* Main.storyboard in Resources */ = {isa = PBXBuildFile; fileRef = DEF1135E29A46AEB000B0C4D /* Main.storyboard */; };
		DEF1136229A46AEC000B0C4D /* Assets.xcassets in Resources */ = {isa = PBXBuildFile; fileRef = DEF1136129A46AEC000B0C4D /* Assets.xcassets */; };
		DEF1136529A46AEC000B0C4D /* LaunchScreen.storyboard in Resources */ = {isa = PBXBuildFile; fileRef = DEF1136329A46AEC000B0C4D /* LaunchScreen.storyboard */; };
		DEF1137029A46AEC000B0C4D /* I_am_RichTests.swift in Sources */ = {isa = PBXBuildFile; fileRef = DEF1136F29A46AEC000B0C4D /* I_am_RichTests.swift */; };
		DEF1137A29A46AEC000B0C4D /* I_am_RichUITests.swift in Sources */ = {isa = PBXBuildFile; fileRef = DEF1137929A46AEC000B0C4D /* I_am_RichUITests.swift */; };
		DEF1137C29A46AEC000B0C4D /* I_am_RichUITestsLaunchTests.swift in Sources */ = {isa = PBXBuildFile; fileRef = DEF1137B29A46AEC000B0C4D /* I_am_RichUITestsLaunchTests.swift */; };
/* End PBXBuildFile section */

/* Begin PBXContainerItemProxy section */
		DEF1136C29A46AEC000B0C4D /* PBXContainerItemProxy */ = {
			isa = PBXContainerItemProxy;
			containerPortal = DEF1134D29A46AEB000B0C4D /* Project object */;
			proxyType = 1;
			remoteGlobalIDString = DEF1135429A46AEB000B0C4D;
			remoteInfo = "I am Rich";
		};
		DEF1137629A46AEC000B0C4D /* PBXContainerItemProxy */ = {
			isa = PBXContainerItemProxy;
			containerPortal = DEF1134D29A46AEB000B0C4D /* Project object */;
			proxyType = 1;
			remoteGlobalIDString = DEF1135429A46AEB000B0C4D;
			remoteInfo = "I am Rich";
		};
/* End PBXContainerItemProxy section */

/* Begin PBXFileReference section */
		DEF1135529A46AEB000B0C4D /* I am Rich.app */ = {isa = PBXFileReference; explicitFileType = wrapper.application; includeInIndex = 0; path = "I am Rich.app"; sourceTree = BUILT_PRODUCTS_DIR; };
		DEF1135829A46AEB000B0C4D /* AppDelegate.swift */ = {isa = PBXFileReference; lastKnownFileType = sourcecode.swift; path = AppDelegate.swift; sourceTree = "<group>"; };
		DEF1135A29A46AEB000B0C4D /* SceneDelegate.swift */ = {isa = PBXFileReference; lastKnownFileType = sourcecode.swift; path = SceneDelegate.swift; sourceTree = "<group>"; };
		DEF1135C29A46AEB000B0C4D /* ViewController.swift */ = {isa = PBXFileReference; lastKnownFileType = sourcecode.swift; path = ViewController.swift; sourceTree = "<group>"; };
		DEF1135F29A46AEB000B0C4D /* Base */ = {isa = PBXFileReference; lastKnownFileType = file.storyboard; name = Base; path = Base.lproj/Main.storyboard; sourceTree = "<group>"; };
		DEF1136129A46AEC000B0C4D /* Assets.xcassets */ = {isa = PBXFileReference; lastKnownFileType = folder.assetcatalog; path = Assets.xcassets; sourceTree = "<group>"; };
		DEF1136429A46AEC000B0C4D /* Base */ = {isa = PBXFileReference; lastKnownFileType = file.storyboard; name = Base; path = Base.lproj/LaunchScreen.storyboard; sourceTree = "<group>"; };
		DEF1136629A46AEC000B0C4D /* Info.plist */ = {isa = PBXFileReference; lastKnownFileType = text.plist.xml; path = Info.plist; sourceTree = "<group>"; };
		DEF1136B29A46AEC000B0C4D /* I am RichTests.xctest */ = {isa = PBXFileReference; explicitFileType = wrapper.cfbundle; includeInIndex = 0; path = "I am RichTests.xctest"; sourceTree = BUILT_PRODUCTS_DIR; };
		DEF1136F29A46AEC000B0C4D /* I_am_RichTests.swift */ = {isa = PBXFileReference; lastKnownFileType = sourcecode.swift; path = I_am_RichTests.swift; sourceTree = "<group>"; };
		DEF1137529A46AEC000B0C4D /* I am RichUITests.xctest */ = {isa = PBXFileReference; explicitFileType = wrapper.cfbundle; includeInIndex = 0; path = "I am RichUITests.xctest"; sourceTree = BUILT_PRODUCTS_DIR; };
		DEF1137929A46AEC000B0C4D /* I_am_RichUITests.swift */ = {isa = PBXFileReference; lastKnownFileType = sourcecode.swift; path = I_am_RichUITests.swift; sourceTree = "<group>"; };
		DEF1137B29A46AEC000B0C4D /* I_am_RichUITestsLaunchTests.swift */ = {isa = PBXFileReference; lastKnownFileType = sourcecode.swift; path = I_am_RichUITestsLaunchTests.swift; sourceTree = "<group>"; };
/* End PBXFileReference section */

/* Begin PBXFrameworksBuildPhase section */
		DEF1135229A46AEB000B0C4D /* Frameworks */ = {
			isa = PBXFrameworksBuildPhase;
			buildActionMask = 2147483647;
			files = (
			);
			runOnlyForDeploymentPostprocessing = 0;
		};
		DEF1136829A46AEC000B0C4D /* Frameworks */ = {
			isa = PBXFrameworksBuildPhase;
			buildActionMask = 2147483647;
			files = (
			);
			runOnlyForDeploymentPostprocessing = 0;
		};
		DEF1137229A46AEC000B0C4D /* Frameworks */ = {
			isa = PBXFrameworksBuildPhase;
			buildActionMask = 2147483647;
			files = (
			);
			runOnlyForDeploymentPostprocessing = 0;
		};
/* End PBXFrameworksBuildPhase section */

/* Begin PBXGroup section */
		DEF1134C29A46AEB000B0C4D = {
			isa = PBXGroup;
			children = (
				DEF1135729A46AEB000B0C4D /* I am Rich */,
				DEF1136E29A46AEC000B0C4D /* I am RichTests */,
				DEF1137829A46AEC000B0C4D /* I am RichUITests */,
				DEF1135629A46AEB000B0C4D /* Products */,
			);
			sourceTree = "<group>";
		};
		DEF1135629A46AEB000B0C4D /* Products */ = {
			isa = PBXGroup;
			children = (
				DEF1135529A46AEB000B0C4D /* I am Rich.app */,
				DEF1136B29A46AEC000B0C4D /* I am RichTests.xctest */,
				DEF1137529A46AEC000B0C4D /* I am RichUITests.xctest */,
			);
			name = Products;
			sourceTree = "<group>";
		};
		DEF1135729A46AEB000B0C4D /* I am Rich */ = {
			isa = PBXGroup;
			children = (
				DEF1135829A46AEB000B0C4D /* AppDelegate.swift */,
				DEF1135A29A46AEB000B0C4D /* SceneDelegate.swift */,
				DEF1135C29A46AEB000B0C4D /* ViewController.swift */,
				DEF1135E29A46AEB000B0C4D /* Main.storyboard */,
				DEF1136129A46AEC000B0C4D /* Assets.xcassets */,
				DEF1136329A46AEC000B0C4D /* LaunchScreen.storyboard */,
				DEF1136629A46AEC000B0C4D /* Info.plist */,
			);
			path = "I am Rich";
			sourceTree = "<group>";
		};
		DEF1136E29A46AEC000B0C4D /* I am RichTests */ = {
			isa = PBXGroup;
			children = (
				DEF1136F29A46AEC000B0C4D /* I_am_RichTests.swift */,
			);
			path = "I am RichTests";
			sourceTree = "<group>";
		};
		DEF1137829A46AEC000B0C4D /* I am RichUITests */ = {
			isa = PBXGroup;
			children = (
				DEF1137929A46AEC000B0C4D /* I_am_RichUITests.swift */,
				DEF1137B29A46AEC000B0C4D /* I_am_RichUITestsLaunchTests.swift */,
			);
			path = "I am RichUITests";
			sourceTree = "<group>";
		};
/* End PBXGroup section */

/* Begin PBXNativeTarget section */
		DEF1135429A46AEB000B0C4D /* I am Rich */ = {
			isa = PBXNativeTarget;
			buildConfigurationList = DEF1137F29A46AEC000B0C4D /* Build configuration list for PBXNativeTarget "I am Rich" */;
			buildPhases = (
				DEF1135129A46AEB000B0C4D /* Sources */,
				DEF1135229A46AEB000B0C4D /* Frameworks */,
				DEF1135329A46AEB000B0C4D /* Resources */,
			);
			buildRules = (
			);
			dependencies = (
			);
			name = "I am Rich";
			productName = "I am Rich";
			productReference = DEF1135529A46AEB000B0C4D /* I am Rich.app */;
			productType = "com.apple.product-type.application";
		};
		DEF1136A29A46AEC000B0C4D /* I am RichTests */ = {
			isa = PBXNativeTarget;
			buildConfigurationList = DEF1138229A46AEC000B0C4D /* Build configuration list for PBXNativeTarget "I am RichTests" */;
			buildPhases = (
				DEF1136729A46AEC000B0C4D /* Sources */,
				DEF1136829A46AEC000B0C4D /* Frameworks */,
				DEF1136929A46AEC000B0C4D /* Resources */,
			);
			buildRules = (
			);
			dependencies = (
				DEF1136D29A46AEC000B0C4D /* PBXTargetDependency */,
			);
			name = "I am RichTests";
			productName = "I am RichTests";
			productReference = DEF1136B29A46AEC000B0C4D /* I am RichTests.xctest */;
			productType = "com.apple.product-type.bundle.unit-test";
		};
		DEF1137429A46AEC000B0C4D /* I am RichUITests */ = {
			isa = PBXNativeTarget;
			buildConfigurationList = DEF1138529A46AEC000B0C4D /* Build configuration list for PBXNativeTarget "I am RichUITests" */;
			buildPhases = (
				DEF1137129A46AEC000B0C4D /* Sources */,
				DEF1137229A46AEC000B0C4D /* Frameworks */,
				DEF1137329A46AEC000B0C4D /* Resources */,
			);
			buildRules = (
			);
			dependencies = (
				DEF1137729A46AEC000B0C4D /* PBXTargetDependency */,
			);
			name = "I am RichUITests";
			productName = "I am RichUITests";
			productReference = DEF1137529A46AEC000B0C4D /* I am RichUITests.xctest */;
			productType = "com.apple.product-type.bundle.ui-testing";
		};
/* End PBXNativeTarget section */

/* Begin PBXProject section */
		DEF1134D29A46AEB000B0C4D /* Project object */ = {
			isa = PBXProject;
			attributes = {
				BuildIndependentTargetsInParallel = 1;
				LastSwiftUpdateCheck = 1420;
				LastUpgradeCheck = 1420;
				TargetAttributes = {
					DEF1135429A46AEB000B0C4D = {
						CreatedOnToolsVersion = 14.2;
					};
					DEF1136A29A46AEC000B0C4D = {
						CreatedOnToolsVersion = 14.2;
						TestTargetID = DEF1135429A46AEB000B0C4D;
					};
					DEF1137429A46AEC000B0C4D = {
						CreatedOnToolsVersion = 14.2;
						TestTargetID = DEF1135429A46AEB000B0C4D;
					};
				};
			};
			buildConfigurationList = DEF1135029A46AEB000B0C4D /* Build configuration list for PBXProject "I am Rich" */;
			compatibilityVersion = "Xcode 14.0";
			developmentRegion = en;
			hasScannedForEncodings = 0;
			knownRegions = (
				en,
				Base,
			);
			mainGroup = DEF1134C29A46AEB000B0C4D;
			productRefGroup = DEF1135629A46AEB000B0C4D /* Products */;
			projectDirPath = "";
			projectRoot = "";
			targets = (
				DEF1135429A46AEB000B0C4D /* I am Rich */,
				DEF1136A29A46AEC000B0C4D /* I am RichTests */,
				DEF1137429A46AEC000B0C4D /* I am RichUITests */,
			);
		};
/* End PBXProject section */

/* Begin PBXResourcesBuildPhase section */
		DEF1135329A46AEB000B0C4D /* Resources */ = {
			isa = PBXResourcesBuildPhase;
			buildActionMask = 2147483647;
			files = (
				DEF1136529A46AEC000B0C4D /* LaunchScreen.storyboard in Resources */,
				DEF1136229A46AEC000B0C4D /* Assets.xcassets in Resources */,
				DEF1136029A46AEB000B0C4D /* Main.storyboard in Resources */,
			);
			runOnlyForDeploymentPostprocessing = 0;
		};
		DEF1136929A46AEC000B0C4D /* Resources */ = {
			isa = PBXResourcesBuildPhase;
			buildActionMask = 2147483647;
			files = (
			);
			runOnlyForDeploymentPostprocessing = 0;
		};
		DEF1137329A46AEC000B0C4D /* Resources */ = {
			isa = PBXResourcesBuildPhase;
			buildActionMask = 2147483647;
			files = (
			);
			runOnlyForDeploymentPostprocessing = 0;
		};
/* End PBXResourcesBuildPhase section */

/* Begin PBXSourcesBuildPhase section */
		DEF1135129A46AEB000B0C4D /* Sources */ = {
			isa = PBXSourcesBuildPhase;
			buildActionMask = 2147483647;
			files = (
				DEF1135D29A46AEB000B0C4D /* ViewController.swift in Sources */,
				DEF1135929A46AEB000B0C4D /* AppDelegate.swift in Sources */,
				DEF1135B29A46AEB000B0C4D /* SceneDelegate.swift in Sources */,
			);
			runOnlyForDeploymentPostprocessing = 0;
		};
		DEF1136729A46AEC000B0C4D /* Sources */ = {
			isa = PBXSourcesBuildPhase;
			buildActionMask = 2147483647;
			files = (
				DEF1137029A46AEC000B0C4D /* I_am_RichTests.swift in Sources */,
			);
			runOnlyForDeploymentPostprocessing = 0;
		};
		DEF1137129A46AEC000B0C4D /* Sources */ = {
			isa = PBXSourcesBuildPhase;
			buildActionMask = 2147483647;
			files = (
				DEF1137C29A46AEC000B0C4D /* I_am_RichUITestsLaunchTests.swift in Sources */,
				DEF1137A29A46AEC000B0C4D /* I_am_RichUITests.swift in Sources */,
			);
			runOnlyForDeploymentPostprocessing = 0;
		};
/* End PBXSourcesBuildPhase section */

/* Begin PBXTargetDependency section */
		DEF1136D29A46AEC000B0C4D /* PBXTargetDependency */ = {
			isa = PBXTargetDependency;
			target = DEF1135429A46AEB000B0C4D /* I am Rich */;
			targetProxy = DEF1136C29A46AEC000B0C4D /* PBXContainerItemProxy */;
		};
		DEF1137729A46AEC000B0C4D /* PBXTargetDependency */ = {
			isa = PBXTargetDependency;
			target = DEF1135429A46AEB000B0C4D /* I am Rich */;
			targetProxy = DEF1137629A46AEC000B0C4D /* PBXContainerItemProxy */;
		};
/* End PBXTargetDependency section */

/* Begin PBXVariantGroup section */
		DEF1135E29A46AEB000B0C4D /* Main.storyboard */ = {
			isa = PBXVariantGroup;
			children = (
				DEF1135F29A46AEB000B0C4D /* Base */,
			);
			name = Main.storyboard;
			sourceTree = "<group>";
		};
		DEF1136329A46AEC000B0C4D /* LaunchScreen.storyboard */ = {
			isa = PBXVariantGroup;
			children = (
				DEF1136429A46AEC000B0C4D /* Base */,
			);
			name = LaunchScreen.storyboard;
			sourceTree = "<group>";
		};
/* End PBXVariantGroup section */

/* Begin XCBuildConfiguration section */
		DEF1137D29A46AEC000B0C4D /* Debug */ = {
			isa = XCBuildConfiguration;
			buildSettings = {
				ALWAYS_SEARCH_USER_PATHS = NO;
				CLANG_ANALYZER_NONNULL = YES;
				CLANG_ANALYZER_NUMBER_OBJECT_CONVERSION = YES_AGGRESSIVE;
				CLANG_CXX_LANGUAGE_STANDARD = "gnu++20";
				CLANG_ENABLE_MODULES = YES;
				CLANG_ENABLE_OBJC_ARC = YES;
				CLANG_ENABLE_OBJC_WEAK = YES;
				CLANG_WARN_BLOCK_CAPTURE_AUTORELEASING = YES;
				CLANG_WARN_BOOL_CONVERSION = YES;
				CLANG_WARN_COMMA = YES;
				CLANG_WARN_CONSTANT_CONVERSION = YES;
				CLANG_WARN_DEPRECATED_OBJC_IMPLEMENTATIONS = YES;
				CLANG_WARN_DIRECT_OBJC_ISA_USAGE = YES_ERROR;
				CLANG_WARN_DOCUMENTATION_COMMENTS = YES;
				CLANG_WARN_EMPTY_BODY = YES;
				CLANG_WARN_ENUM_CONVERSION = YES;
				CLANG_WARN_INFINITE_RECURSION = YES;
				CLANG_WARN_INT_CONVERSION = YES;
				CLANG_WARN_NON_LITERAL_NULL_CONVERSION = YES;
				CLANG_WARN_OBJC_IMPLICIT_RETAIN_SELF = YES;
				CLANG_WARN_OBJC_LITERAL_CONVERSION = YES;
				CLANG_WARN_OBJC_ROOT_CLASS = YES_ERROR;
				CLANG_WARN_QUOTED_INCLUDE_IN_FRAMEWORK_HEADER = YES;
				CLANG_WARN_RANGE_LOOP_ANALYSIS = YES;
				CLANG_WARN_STRICT_PROTOTYPES = YES;
				CLANG_WARN_SUSPICIOUS_MOVE = YES;
				CLANG_WARN_UNGUARDED_AVAILABILITY = YES_AGGRESSIVE;
				CLANG_WARN_UNREACHABLE_CODE = YES;
				CLANG_WARN__DUPLICATE_METHOD_MATCH = YES;
				COPY_PHASE_STRIP = NO;
				DEBUG_INFORMATION_FORMAT = dwarf;
				ENABLE_STRICT_OBJC_MSGSEND = YES;
				ENABLE_TESTABILITY = YES;
				GCC_C_LANGUAGE_STANDARD = gnu11;
				GCC_DYNAMIC_NO_PIC = NO;
				GCC_NO_COMMON_BLOCKS = YES;
				GCC_OPTIMIZATION_LEVEL = 0;
				GCC_PREPROCESSOR_DEFINITIONS = (
					"DEBUG=1",
					"$(inherited)",
				);
				GCC_WARN_64_TO_32_BIT_CONVERSION = YES;
				GCC_WARN_ABOUT_RETURN_TYPE = YES_ERROR;
				GCC_WARN_UNDECLARED_SELECTOR = YES;
				GCC_WARN_UNINITIALIZED_AUTOS = YES_AGGRESSIVE;
				GCC_WARN_UNUSED_FUNCTION = YES;
				GCC_WARN_UNUSED_VARIABLE = YES;
				IPHONEOS_DEPLOYMENT_TARGET = 16.2;
				MTL_ENABLE_DEBUG_INFO = INCLUDE_SOURCE;
				MTL_FAST_MATH = YES;
				ONLY_ACTIVE_ARCH = YES;
				SDKROOT = iphoneos;
				SWIFT_ACTIVE_COMPILATION_CONDITIONS = DEBUG;
				SWIFT_OPTIMIZATION_LEVEL = "-Onone";
			};
			name = Debug;
		};
		DEF1137E29A46AEC000B0C4D /* Release */ = {
			isa = XCBuildConfiguration;
			buildSettings = {
				ALWAYS_SEARCH_USER_PATHS = NO;
				CLANG_ANALYZER_NONNULL = YES;
				CLANG_ANALYZER_NUMBER_OBJECT_CONVERSION = YES_AGGRESSIVE;
				CLANG_CXX_LANGUAGE_STANDARD = "gnu++20";
				CLANG_ENABLE_MODULES = YES;
				CLANG_ENABLE_OBJC_ARC = YES;
				CLANG_ENABLE_OBJC_WEAK = YES;
				CLANG_WARN_BLOCK_CAPTURE_AUTORELEASING = YES;
				CLANG_WARN_BOOL_CONVERSION = YES;
				CLANG_WARN_COMMA = YES;
				CLANG_WARN_CONSTANT_CONVERSION = YES;
				CLANG_WARN_DEPRECATED_OBJC_IMPLEMENTATIONS = YES;
				CLANG_WARN_DIRECT_OBJC_ISA_USAGE = YES_ERROR;
				CLANG_WARN_DOCUMENTATION_COMMENTS = YES;
				CLANG_WARN_EMPTY_BODY = YES;
				CLANG_WARN_ENUM_CONVERSION = YES;
				CLANG_WARN_INFINITE_RECURSION = YES;
				CLANG_WARN_INT_CONVERSION = YES;
				CLANG_WARN_NON_LITERAL_NULL_CONVERSION = YES;
				CLANG_WARN_OBJC_IMPLICIT_RETAIN_SELF = YES;
				CLANG_WARN_OBJC_LITERAL_CONVERSION = YES;
				CLANG_WARN_OBJC_ROOT_CLASS = YES_ERROR;
				CLANG_WARN_QUOTED_INCLUDE_IN_FRAMEWORK_HEADER = YES;
				CLANG_WARN_RANGE_LOOP_ANALYSIS = YES;
				CLANG_WARN_STRICT_PROTOTYPES = YES;
				CLANG_WARN_SUSPICIOUS_MOVE = YES;
				CLANG_WARN_UNGUARDED_AVAILABILITY = YES_AGGRESSIVE;
				CLANG_WARN_UNREACHABLE_CODE = YES;
				CLANG_WARN__DUPLICATE_METHOD_MATCH = YES;
				COPY_PHASE_STRIP = NO;
				DEBUG_INFORMATION_FORMAT = "dwarf-with-dsym";
				ENABLE_NS_ASSERTIONS = NO;
				ENABLE_STRICT_OBJC_MSGSEND = YES;
				GCC_C_LANGUAGE_STANDARD = gnu11;
				GCC_NO_COMMON_BLOCKS = YES;
				GCC_WARN_64_TO_32_BIT_CONVERSION = YES;
				GCC_WARN_ABOUT_RETURN_TYPE = YES_ERROR;
				GCC_WARN_UNDECLARED_SELECTOR = YES;
				GCC_WARN_UNINITIALIZED_AUTOS = YES_AGGRESSIVE;
				GCC_WARN_UNUSED_FUNCTION = YES;
				GCC_WARN_UNUSED_VARIABLE = YES;
				IPHONEOS_DEPLOYMENT_TARGET = 16.2;
				MTL_ENABLE_DEBUG_INFO = NO;
				MTL_FAST_MATH = YES;
				SDKROOT = iphoneos;
				SWIFT_COMPILATION_MODE = wholemodule;
				SWIFT_OPTIMIZATION_LEVEL = "-O";
				VALIDATE_PRODUCT = YES;
			};
			name = Release;
		};
		DEF1138029A46AEC000B0C4D /* Debug */ = {
			isa = XCBuildConfiguration;
			buildSettings = {
				ASSETCATALOG_COMPILER_APPICON_NAME = AppIcon;
				ASSETCATALOG_COMPILER_GLOBAL_ACCENT_COLOR_NAME = AccentColor;
				CODE_SIGN_STYLE = Automatic;
				CURRENT_PROJECT_VERSION = 1;
				GENERATE_INFOPLIST_FILE = YES;
				INFOPLIST_FILE = "I am Rich/Info.plist";
				INFOPLIST_KEY_UIApplicationSupportsIndirectInputEvents = YES;
				INFOPLIST_KEY_UILaunchStoryboardName = LaunchScreen;
				INFOPLIST_KEY_UIMainStoryboardFile = Main;
				INFOPLIST_KEY_UISupportedInterfaceOrientations_iPad = "UIInterfaceOrientationPortrait UIInterfaceOrientationPortraitUpsideDown UIInterfaceOrientationLandscapeLeft UIInterfaceOrientationLandscapeRight";
				INFOPLIST_KEY_UISupportedInterfaceOrientations_iPhone = "UIInterfaceOrientationPortrait UIInterfaceOrientationLandscapeLeft UIInterfaceOrientationLandscapeRight";
				LD_RUNPATH_SEARCH_PATHS = (
					"$(inherited)",
					"@executable_path/Frameworks",
				);
				MARKETING_VERSION = 1.0;
				PRODUCT_BUNDLE_IDENTIFIER = "co.zanderapi.I-am-Rich";
				PRODUCT_NAME = "$(TARGET_NAME)";
				SWIFT_EMIT_LOC_STRINGS = YES;
				SWIFT_VERSION = 5.0;
				TARGETED_DEVICE_FAMILY = "1,2";
			};
			name = Debug;
		};
		DEF1138129A46AEC000B0C4D /* Release */ = {
			isa = XCBuildConfiguration;
			buildSettings = {
				ASSETCATALOG_COMPILER_APPICON_NAME = AppIcon;
				ASSETCATALOG_COMPILER_GLOBAL_ACCENT_COLOR_NAME = AccentColor;
				CODE_SIGN_STYLE = Automatic;
				CURRENT_PROJECT_VERSION = 1;
				GENERATE_INFOPLIST_FILE = YES;
				INFOPLIST_FILE = "I am Rich/Info.plist";
				INFOPLIST_KEY_UIApplicationSupportsIndirectInputEvents = YES;
				INFOPLIST_KEY_UILaunchStoryboardName = LaunchScreen;
				INFOPLIST_KEY_UIMainStoryboardFile = Main;
				INFOPLIST_KEY_UISupportedInterfaceOrientations_iPad = "UIInterfaceOrientationPortrait UIInterfaceOrientationPortraitUpsideDown UIInterfaceOrientationLandscapeLeft UIInterfaceOrientationLandscapeRight";
				INFOPLIST_KEY_UISupportedInterfaceOrientations_iPhone = "UIInterfaceOrientationPortrait UIInterfaceOrientationLandscapeLeft UIInterfaceOrientationLandscapeRight";
				LD_RUNPATH_SEARCH_PATHS = (
					"$(inherited)",
					"@executable_path/Frameworks",
				);
				MARKETING_VERSION = 1.0;
				PRODUCT_BUNDLE_IDENTIFIER = "co.zanderapi.I-am-Rich";
				PRODUCT_NAME = "$(TARGET_NAME)";
				SWIFT_EMIT_LOC_STRINGS = YES;
				SWIFT_VERSION = 5.0;
				TARGETED_DEVICE_FAMILY = "1,2";
			};
			name = Release;
		};
		DEF1138329A46AEC000B0C4D /* Debug */ = {
			isa = XCBuildConfiguration;
			buildSettings = {
				ALWAYS_EMBED_SWIFT_STANDARD_LIBRARIES = YES;
				BUNDLE_LOADER = "$(TEST_HOST)";
				CODE_SIGN_STYLE = Automatic;
				CURRENT_PROJECT_VERSION = 1;
				GENERATE_INFOPLIST_FILE = YES;
				IPHONEOS_DEPLOYMENT_TARGET = 16.2;
				MARKETING_VERSION = 1.0;
				PRODUCT_BUNDLE_IDENTIFIER = "co.zanderapi.I-am-RichTests";
				PRODUCT_NAME = "$(TARGET_NAME)";
				SWIFT_EMIT_LOC_STRINGS = NO;
				SWIFT_VERSION = 5.0;
				TARGETED_DEVICE_FAMILY = "1,2";
				TEST_HOST = "$(BUILT_PRODUCTS_DIR)/I am Rich.app/$(BUNDLE_EXECUTABLE_FOLDER_PATH)/I am Rich";
			};
			name = Debug;
		};
		DEF1138429A46AEC000B0C4D /* Release */ = {
			isa = XCBuildConfiguration;
			buildSettings = {
				ALWAYS_EMBED_SWIFT_STANDARD_LIBRARIES = YES;
				BUNDLE_LOADER = "$(TEST_HOST)";
				CODE_SIGN_STYLE = Automatic;
				CURRENT_PROJECT_VERSION = 1;
				GENERATE_INFOPLIST_FILE = YES;
				IPHONEOS_DEPLOYMENT_TARGET = 16.2;
				MARKETING_VERSION = 1.0;
				PRODUCT_BUNDLE_IDENTIFIER = "co.zanderapi.I-am-RichTests";
				PRODUCT_NAME = "$(TARGET_NAME)";
				SWIFT_EMIT_LOC_STRINGS = NO;
				SWIFT_VERSION = 5.0;
				TARGETED_DEVICE_FAMILY = "1,2";
				TEST_HOST = "$(BUILT_PRODUCTS_DIR)/I am Rich.app/$(BUNDLE_EXECUTABLE_FOLDER_PATH)/I am Rich";
			};
			name = Release;
		};
		DEF1138629A46AEC000B0C4D /* Debug */ = {
			isa = XCBuildConfiguration;
			buildSettings = {
				ALWAYS_EMBED_SWIFT_STANDARD_LIBRARIES = YES;
				CODE_SIGN_STYLE = Automatic;
				CURRENT_PROJECT_VERSION = 1;
				GENERATE_INFOPLIST_FILE = YES;
				MARKETING_VERSION = 1.0;
				PRODUCT_BUNDLE_IDENTIFIER = "co.zanderapi.I-am-RichUITests";
				PRODUCT_NAME = "$(TARGET_NAME)";
				SWIFT_EMIT_LOC_STRINGS = NO;
				SWIFT_VERSION = 5.0;
				TARGETED_DEVICE_FAMILY = "1,2";
				TEST_TARGET_NAME = "I am Rich";
			};
			name = Debug;
		};
		DEF1138729A46AEC000B0C4D /* Release */ = {
			isa = XCBuildConfiguration;
			buildSettings = {
				ALWAYS_EMBED_SWIFT_STANDARD_LIBRARIES = YES;
				CODE_SIGN_STYLE = Automatic;
				CURRENT_PROJECT_VERSION = 1;
				GENERATE_INFOPLIST_FILE = YES;
				MARKETING_VERSION = 1.0;
				PRODUCT_BUNDLE_IDENTIFIER = "co.zanderapi.I-am-RichUITests";
				PRODUCT_NAME = "$(TARGET_NAME)";
				SWIFT_EMIT_LOC_STRINGS = NO;
				SWIFT_VERSION = 5.0;
				TARGETED_DEVICE_FAMILY = "1,2";
				TEST_TARGET_NAME = "I am Rich";
			};
			name = Release;
		};
/* End XCBuildConfiguration section */

/* Begin XCConfigurationList section */
		DEF1135029A46AEB000B0C4D /* Build configuration list for PBXProject "I am Rich" */ = {
			isa = XCConfigurationList;
			buildConfigurations = (
				DEF1137D29A46AEC000B0C4D /* Debug */,
				DEF1137E29A46AEC000B0C4D /* Release */,
			);
			defaultConfigurationIsVisible = 0;
			defaultConfigurationName = Release;
		};
		DEF1137F29A46AEC000B0C4D /* Build configuration list for PBXNativeTarget "I am Rich" */ = {
			isa = XCConfigurationList;
			buildConfigurations = (
				DEF1138029A46AEC000B0C4D /* Debug */,
				DEF1138129A46AEC000B0C4D /* Release */,
			);
			defaultConfigurationIsVisible = 0;
			defaultConfigurationName = Release;
		};
		DEF1138229A46AEC000B0C4D /* Build configuration list for PBXNativeTarget "I am RichTests" */ = {
			isa = XCConfigurationList;
			buildConfigurations = (
				DEF1138329A46AEC000B0C4D /* Debug */,
				DEF1138429A46AEC000B0C4D /* Release */,
			);
			defaultConfigurationIsVisible = 0;
			defaultConfigurationName = Release;
		};
		DEF1138529A46AEC000B0C4D /* Build configuration list for PBXNativeTarget "I am RichUITests" */ = {
			isa = XCConfigurationList;
			buildConfigurations = (
				DEF1138629A46AEC000B0C4D /* Debug */,
				DEF1138729A46AEC000B0C4D /* Release */,
			);
			defaultConfigurationIsVisible = 0;
			defaultConfigurationName = Release;
		};
/* End XCConfigurationList section */
	};
	rootObject = DEF1134D29A46AEB000B0C4D /* Project object */;
}
